# This file is automatically @generated by Cargo.
# It is not intended for manual editing.
version = 4

[[package]]
name = "aura"
version = "0.1.0"
dependencies = [
 "libeclipse",
]

[[package]]
name = "corona"
version = "0.1.0"
dependencies = [
 "libeclipse",
]

[[package]]
name = "eclipse-cli"
version = "0.1.0"
dependencies = [
 "libeclipse",
]

[[package]]
name = "eclipse-flash"
version = "0.1.0"
dependencies = [
 "libeclipse",
]

[[package]]
name = "libeclipse"
version = "0.1.0"

[[package]]
name = "penumbra"
version = "0.1.0"
dependencies = [
 "libeclipse",
]

[[package]]
name = "syzygy"
version = "0.1.0"
dependencies = [
 "libeclipse",
]

[[package]]
name = "totality-splash"
version = "0.1.0"
dependencies = [
 "libeclipse",
]

[[package]]
name = "vault"
version = "0.1.0"
dependencies = [
 "libeclipse",
]
